{
  "name": "penguin",
  "version": "1.0.1",
  "lockfileVersion": 1,
  "requires": true,
  "dependencies": {
    "bullettool": {
      "version": "3.1.3",
      "resolved": "https://registry.npmjs.org/bullettool/-/bullettool-3.1.3.tgz",
      "integrity": "sha512-nJjJR+v0pu6SOgCsNWRDlWyfBhoAT+eEiVCna+InwVhzOiqbiSZ8KzqG8Tz201wXTXWS45YutWo5JVVSIo+dcQ=="
    }
  }
}
