{
  "name": "bullet-penguin",
  "version": "1.1.2",
  "lockfileVersion": 1,
  "requires": true,
  "dependencies": {
    "bullettool": {
      "version": "3.1.4",
      "resolved": "https://registry.npmjs.org/bullettool/-/bullettool-3.1.4.tgz",
      "integrity": "sha512-6OzvWj6LaheUq2DVatgq0sHTLuI1G6Rtczp2alXV4jxF4AqT12DlYlIxNqWXXUhvDeIa/eDmfgFGVNH9GBa44A=="
    }
  }
}
